// !$*UTF8*$!
{
	archiveVersion = 1;
	classes = {
	};
	objectVersion = 46;
	objects = {

/* Begin PBXBuildFile section */
		19E0F0C81B621ED500801A9B /* main.m in Sources */ = {isa = PBXBuildFile; fileRef = 19E0F0C71B621ED500801A9B /* main.m */; };
		19E0F0CB1B621ED500801A9B /* AppDelegate.m in Sources */ = {isa = PBXBuildFile; fileRef = 19E0F0CA1B621ED500801A9B /* AppDelegate.m */; };
		19E0F0CE1B621ED500801A9B /* ViewController.m in Sources */ = {isa = PBXBuildFile; fileRef = 19E0F0CD1B621ED500801A9B /* ViewController.m */; };
		19E0F0D11B621ED500801A9B /* Main.storyboard in Resources */ = {isa = PBXBuildFile; fileRef = 19E0F0CF1B621ED500801A9B /* Main.storyboard */; };
		19E0F0D31B621ED500801A9B /* Images.xcassets in Resources */ = {isa = PBXBuildFile; fileRef = 19E0F0D21B621ED500801A9B /* Images.xcassets */; };
		19E0F0D61B621ED500801A9B /* LaunchScreen.xib in Resources */ = {isa = PBXBuildFile; fileRef = 19E0F0D41B621ED500801A9B /* LaunchScreen.xib */; };
		19E0F0E21B621ED500801A9B /* HTKeyViewExmpleTests.m in Sources */ = {isa = PBXBuildFile; fileRef = 19E0F0E11B621ED500801A9B /* HTKeyViewExmpleTests.m */; };
		19E0F0EE1B621F9B00801A9B /* HTKeyView.m in Sources */ = {isa = PBXBuildFile; fileRef = 19E0F0ED1B621F9B00801A9B /* HTKeyView.m */; };
/* End PBXBuildFile section */

/* Begin PBXContainerItemProxy section */
		19E0F0DC1B621ED500801A9B /* PBXContainerItemProxy */ = {
			isa = PBXContainerItemProxy;
			containerPortal = 19E0F0BA1B621ED500801A9B /* Project object */;
			proxyType = 1;
			remoteGlobalIDString = 19E0F0C11B621ED500801A9B;
			remoteInfo = HTKeyViewExmple;
		};
/* End PBXContainerItemProxy section */

/* Begin PBXFileReference section */
		19E0F0C21B621ED500801A9B /* HTKeyViewExmple.app */ = {isa = PBXFileReference; explicitFileType = wrapper.application; includeInIndex = 0; path = HTKeyViewExmple.app; sourceTree = BUILT_PRODUCTS_DIR; };
		19E0F0C61B621ED500801A9B /* Info.plist */ = {isa = PBXFileReference; lastKnownFileType = text.plist.xml; path = Info.plist; sourceTree = "<group>"; };
		19E0F0C71B621ED500801A9B /* main.m */ = {isa = PBXFileReference; lastKnownFileType = sourcecode.c.objc; path = main.m; sourceTree = "<group>"; };
		19E0F0C91B621ED500801A9B /* AppDelegate.h */ = {isa = PBXFileReference; lastKnownFileType = sourcecode.c.h; path = AppDelegate.h; sourceTree = "<group>"; };
		19E0F0CA1B621ED500801A9B /* AppDelegate.m */ = {isa = PBXFileReference; lastKnownFileType = sourcecode.c.objc; path = AppDelegate.m; sourceTree = "<group>"; };
		19E0F0CC1B621ED500801A9B /* ViewController.h */ = {isa = PBXFileReference; lastKnownFileType = sourcecode.c.h; path = ViewController.h; sourceTree = "<group>"; };
		19E0F0CD1B621ED500801A9B /* ViewController.m */ = {isa = PBXFileReference; lastKnownFileType = sourcecode.c.objc; path = ViewController.m; sourceTree = "<group>"; };
		19E0F0D01B621ED500801A9B /* Base */ = {isa = PBXFileReference; lastKnownFileType = file.storyboard; name = Base; path = Base.lproj/Main.storyboard; sourceTree = "<group>"; };
		19E0F0D21B621ED500801A9B /* Images.xcassets */ = {isa = PBXFileReference; lastKnownFileType = folder.assetcatalog; path = Images.xcassets; sourceTree = "<group>"; };
		19E0F0D51B621ED500801A9B /* Base */ = {isa = PBXFileReference; lastKnownFileType = file.xib; name = Base; path = Base.lproj/LaunchScreen.xib; sourceTree = "<group>"; };
		19E0F0DB1B621ED500801A9B /* HTKeyViewExmpleTests.xctest */ = {isa = PBXFileReference; explicitFileType = wrapper.cfbundle; includeInIndex = 0; path = HTKeyViewExmpleTests.xctest; sourceTree = BUILT_PRODUCTS_DIR; };
		19E0F0E01B621ED500801A9B /* Info.plist */ = {isa = PBXFileReference; lastKnownFileType = text.plist.xml; path = Info.plist; sourceTree = "<group>"; };
		19E0F0E11B621ED500801A9B /* HTKeyViewExmpleTests.m */ = {isa = PBXFileReference; lastKnownFileType = sourcecode.c.objc; path = HTKeyViewExmpleTests.m; sourceTree = "<group>"; };
		19E0F0EC1B621F9B00801A9B /* HTKeyView.h */ = {isa = PBXFileReference; fileEncoding = 4; lastKnownFileType = sourcecode.c.h; path = HTKeyView.h; sourceTree = "<group>"; };
		19E0F0ED1B621F9B00801A9B /* HTKeyView.m */ = {isa = PBXFileReference; fileEncoding = 4; lastKnownFileType = sourcecode.c.objc; path = HTKeyView.m; sourceTree = "<group>"; };
/* End PBXFileReference section */

/* Begin PBXFrameworksBuildPhase section */
		19E0F0BF1B621ED500801A9B /* Frameworks */ = {
			isa = PBXFrameworksBuildPhase;
			buildActionMask = 2147483647;
			files = (
			);
			runOnlyForDeploymentPostprocessing = 0;
		};
		19E0F0D81B621ED500801A9B /* Frameworks */ = {
			isa = PBXFrameworksBuildPhase;
			buildActionMask = 2147483647;
			files = (
			);
			runOnlyForDeploymentPostprocessing = 0;
		};
/* End PBXFrameworksBuildPhase section */

/* Begin PBXGroup section */
		19E0F0B91B621ED500801A9B = {
			isa = PBXGroup;
			children = (
				19E0F0C41B621ED500801A9B /* HTKeyViewExmple */,
				19E0F0DE1B621ED500801A9B /* HTKeyViewExmpleTests */,
				19E0F0C31B621ED500801A9B /* Products */,
			);
			sourceTree = "<group>";
		};
		19E0F0C31B621ED500801A9B /* Products */ = {
			isa = PBXGroup;
			children = (
				19E0F0C21B621ED500801A9B /* HTKeyViewExmple.app */,
				19E0F0DB1B621ED500801A9B /* HTKeyViewExmpleTests.xctest */,
			);
			name = Products;
			sourceTree = "<group>";
		};
		19E0F0C41B621ED500801A9B /* HTKeyViewExmple */ = {
			isa = PBXGroup;
			children = (
				19E0F0C91B621ED500801A9B /* AppDelegate.h */,
				19E0F0CA1B621ED500801A9B /* AppDelegate.m */,
				19E0F0EB1B621F9B00801A9B /* HTKeyView */,
				19E0F0CC1B621ED500801A9B /* ViewController.h */,
				19E0F0CD1B621ED500801A9B /* ViewController.m */,
				19E0F0CF1B621ED500801A9B /* Main.storyboard */,
				19E0F0D21B621ED500801A9B /* Images.xcassets */,
				19E0F0D41B621ED500801A9B /* LaunchScreen.xib */,
				19E0F0C51B621ED500801A9B /* Supporting Files */,
			);
			path = HTKeyViewExmple;
			sourceTree = "<group>";
		};
		19E0F0C51B621ED500801A9B /* Supporting Files */ = {
			isa = PBXGroup;
			children = (
				19E0F0C61B621ED500801A9B /* Info.plist */,
				19E0F0C71B621ED500801A9B /* main.m */,
			);
			name = "Supporting Files";
			sourceTree = "<group>";
		};
		19E0F0DE1B621ED500801A9B /* HTKeyViewExmpleTests */ = {
			isa = PBXGroup;
			children = (
				19E0F0E11B621ED500801A9B /* HTKeyViewExmpleTests.m */,
				19E0F0DF1B621ED500801A9B /* Supporting Files */,
			);
			path = HTKeyViewExmpleTests;
			sourceTree = "<group>";
		};
		19E0F0DF1B621ED500801A9B /* Supporting Files */ = {
			isa = PBXGroup;
			children = (
				19E0F0E01B621ED500801A9B /* Info.plist */,
			);
			name = "Supporting Files";
			sourceTree = "<group>";
		};
		19E0F0EB1B621F9B00801A9B /* HTKeyView */ = {
			isa = PBXGroup;
			children = (
				19E0F0EC1B621F9B00801A9B /* HTKeyView.h */,
				19E0F0ED1B621F9B00801A9B /* HTKeyView.m */,
			);
			name = HTKeyView;
			path = ../../HTKeyView;
			sourceTree = "<group>";
		};
/* End PBXGroup section */

/* Begin PBXNativeTarget section */
		19E0F0C11B621ED500801A9B /* HTKeyViewExmple */ = {
			isa = PBXNativeTarget;
			buildConfigurationList = 19E0F0E51B621ED500801A9B /* Build configuration list for PBXNativeTarget "HTKeyViewExmple" */;
			buildPhases = (
				19E0F0BE1B621ED500801A9B /* Sources */,
				19E0F0BF1B621ED500801A9B /* Frameworks */,
				19E0F0C01B621ED500801A9B /* Resources */,
			);
			buildRules = (
			);
			dependencies = (
			);
			name = HTKeyViewExmple;
			productName = HTKeyViewExmple;
			productReference = 19E0F0C21B621ED500801A9B /* HTKeyViewExmple.app */;
			productType = "com.apple.product-type.application";
		};
		19E0F0DA1B621ED500801A9B /* HTKeyViewExmpleTests */ = {
			isa = PBXNativeTarget;
			buildConfigurationList = 19E0F0E81B621ED500801A9B /* Build configuration list for PBXNativeTarget "HTKeyViewExmpleTests" */;
			buildPhases = (
				19E0F0D71B621ED500801A9B /* Sources */,
				19E0F0D81B621ED500801A9B /* Frameworks */,
				19E0F0D91B621ED500801A9B /* Resources */,
			);
			buildRules = (
			);
			dependencies = (
				19E0F0DD1B621ED500801A9B /* PBXTargetDependency */,
			);
			name = HTKeyViewExmpleTests;
			productName = HTKeyViewExmpleTests;
			productReference = 19E0F0DB1B621ED500801A9B /* HTKeyViewExmpleTests.xctest */;
			productType = "com.apple.product-type.bundle.unit-test";
		};
/* End PBXNativeTarget section */

/* Begin PBXProject section */
		19E0F0BA1B621ED500801A9B /* Project object */ = {
			isa = PBXProject;
			attributes = {
				LastUpgradeCheck = 0810;
				ORGANIZATIONNAME = yiwanjun;
				TargetAttributes = {
					19E0F0C11B621ED500801A9B = {
						CreatedOnToolsVersion = 6.3;
						DevelopmentTeam = RXUPL85QA6;
					};
					19E0F0DA1B621ED500801A9B = {
						CreatedOnToolsVersion = 6.3;
						TestTargetID = 19E0F0C11B621ED500801A9B;
					};
				};
			};
			buildConfigurationList = 19E0F0BD1B621ED500801A9B /* Build configuration list for PBXProject "HTKeyViewExmple" */;
			compatibilityVersion = "Xcode 3.2";
			developmentRegion = English;
			hasScannedForEncodings = 0;
			knownRegions = (
				en,
				Base,
			);
			mainGroup = 19E0F0B91B621ED500801A9B;
			productRefGroup = 19E0F0C31B621ED500801A9B /* Products */;
			projectDirPath = "";
			projectRoot = "";
			targets = (
				19E0F0C11B621ED500801A9B /* HTKeyViewExmple */,
				19E0F0DA1B621ED500801A9B /* HTKeyViewExmpleTests */,
			);
		};
/* End PBXProject section */

/* Begin PBXResourcesBuildPhase section */
		19E0F0C01B621ED500801A9B /* Resources */ = {
			isa = PBXResourcesBuildPhase;
			buildActionMask = 2147483647;
			files = (
				19E0F0D11B621ED500801A9B /* Main.storyboard in Resources */,
				19E0F0D61B621ED500801A9B /* LaunchScreen.xib in Resources */,
				19E0F0D31B621ED500801A9B /* Images.xcassets in Resources */,
			);
			runOnlyForDeploymentPostprocessing = 0;
		};
		19E0F0D91B621ED500801A9B /* Resources */ = {
			isa = PBXResourcesBuildPhase;
			buildActionMask = 2147483647;
			files = (
			);
			runOnlyForDeploymentPostprocessing = 0;
		};
/* End PBXResourcesBuildPhase section */

/* Begin PBXSourcesBuildPhase section */
		19E0F0BE1B621ED500801A9B /* Sources */ = {
			isa = PBXSourcesBuildPhase;
			buildActionMask = 2147483647;
			files = (
				19E0F0CE1B621ED500801A9B /* ViewController.m in Sources */,
				19E0F0CB1B621ED500801A9B /* AppDelegate.m in Sources */,
				19E0F0EE1B621F9B00801A9B /* HTKeyView.m in Sources */,
				19E0F0C81B621ED500801A9B /* main.m in Sources */,
			);
			runOnlyForDeploymentPostprocessing = 0;
		};
		19E0F0D71B621ED500801A9B /* Sources */ = {
			isa = PBXSourcesBuildPhase;
			buildActionMask = 2147483647;
			files = (
				19E0F0E21B621ED500801A9B /* HTKeyViewExmpleTests.m in Sources */,
			);
			runOnlyForDeploymentPostprocessing = 0;
		};
/* End PBXSourcesBuildPhase section */

/* Begin PBXTargetDependency section */
		19E0F0DD1B621ED500801A9B /* PBXTargetDependency */ = {
			isa = PBXTargetDependency;
			target = 19E0F0C11B621ED500801A9B /* HTKeyViewExmple */;
			targetProxy = 19E0F0DC1B621ED500801A9B /* PBXContainerItemProxy */;
		};
/* End PBXTargetDependency section */

/* Begin PBXVariantGroup section */
		19E0F0CF1B621ED500801A9B /* Main.storyboard */ = {
			isa = PBXVariantGroup;
			children = (
				19E0F0D01B621ED500801A9B /* Base */,
			);
			name = Main.storyboard;
			sourceTree = "<group>";
		};
		19E0F0D41B621ED500801A9B /* LaunchScreen.xib */ = {
			isa = PBXVariantGroup;
			children = (
				19E0F0D51B621ED500801A9B /* Base */,
			);
			name = LaunchScreen.xib;
			sourceTree = "<group>";
		};
/* End PBXVariantGroup section */

/* Begin XCBuildConfiguration section */
		19E0F0E31B621ED500801A9B /* Debug */ = {
			isa = XCBuildConfiguration;
			buildSettings = {
				ALWAYS_SEARCH_USER_PATHS = NO;
				CLANG_CXX_LANGUAGE_STANDARD = "gnu++0x";
				CLANG_CXX_LIBRARY = "libc++";
				CLANG_ENABLE_MODULES = YES;
				CLANG_ENABLE_OBJC_ARC = YES;
				CLANG_WARN_BOOL_CONVERSION = YES;
				CLANG_WARN_CONSTANT_CONVERSION = YES;
				CLANG_WARN_DIRECT_OBJC_ISA_USAGE = YES_ERROR;
				CLANG_WARN_EMPTY_BODY = YES;
				CLANG_WARN_ENUM_CONVERSION = YES;
				CLANG_WARN_INFINITE_RECURSION = YES;
				CLANG_WARN_INT_CONVERSION = YES;
				CLANG_WARN_OBJC_ROOT_CLASS = YES_ERROR;
				CLANG_WARN_SUSPICIOUS_MOVE = YES;
				CLANG_WARN_UNREACHABLE_CODE = YES;
				CLANG_WARN__DUPLICATE_METHOD_MATCH = YES;
				"CODE_SIGN_IDENTITY[sdk=iphoneos*]" = "iPhone Developer";
				COPY_PHASE_STRIP = NO;
				DEBUG_INFORMATION_FORMAT = "dwarf-with-dsym";
				ENABLE_STRICT_OBJC_MSGSEND = YES;
				ENABLE_TESTABILITY = YES;
				GCC_C_LANGUAGE_STANDARD = gnu99;
				GCC_DYNAMIC_NO_PIC = NO;
				GCC_NO_COMMON_BLOCKS = YES;
				GCC_OPTIMIZATION_LEVEL = 0;
				GCC_PREPROCESSOR_DEFINITIONS = (
					"DEBUG=1",
					"$(inherited)",
				);
				GCC_SYMBOLS_PRIVATE_EXTERN = NO;
				GCC_WARN_64_TO_32_BIT_CONVERSION = YES;
				GCC_WARN_ABOUT_RETURN_TYPE = YES_ERROR;
				GCC_WARN_UNDECLARED_SELECTOR = YES;
				GCC_WARN_UNINITIALIZED_AUTOS = YES_AGGRESSIVE;
				GCC_WARN_UNUSED_FUNCTION = YES;
				GCC_WARN_UNUSED_VARIABLE = YES;
				IPHONEOS_DEPLOYMENT_TARGET = 8.3;
				MTL_ENABLE_DEBUG_INFO = YES;
				ONLY_ACTIVE_ARCH = YES;
				SDKROOT = iphoneos;
			};
			name = Debug;
		};
		19E0F0E41B621ED500801A9B /* Release */ = {
			isa = XCBuildConfiguration;
			buildSettings = {
				ALWAYS_SEARCH_USER_PATHS = NO;
				CLANG_CXX_LANGUAGE_STANDARD = "gnu++0x";
				CLANG_CXX_LIBRARY = "libc++";
				CLANG_ENABLE_MODULES = YES;
				CLANG_ENABLE_OBJC_ARC = YES;
				CLANG_WARN_BOOL_CONVERSION = YES;
				CLANG_WARN_CONSTANT_CONVERSION = YES;
				CLANG_WARN_DIRECT_OBJC_ISA_USAGE = YES_ERROR;
				CLANG_WARN_EMPTY_BODY = YES;
				CLANG_WARN_ENUM_CONVERSION = YES;
				CLANG_WARN_INFINITE_RECURSION = YES;
				CLANG_WARN_INT_CONVERSION = YES;
				CLANG_WARN_OBJC_ROOT_CLASS = YES_ERROR;
				CLANG_WARN_SUSPICIOUS_MOVE = YES;
				CLANG_WARN_UNREACHABLE_CODE = YES;
				CLANG_WARN__DUPLICATE_METHOD_MATCH = YES;
				"CODE_SIGN_IDENTITY[sdk=iphoneos*]" = "iPhone Developer";
				COPY_PHASE_STRIP = NO;
				DEBUG_INFORMATION_FORMAT = "dwarf-with-dsym";
				ENABLE_NS_ASSERTIONS = NO;
				ENABLE_STRICT_OBJC_MSGSEND = YES;
				GCC_C_LANGUAGE_STANDARD = gnu99;
				GCC_NO_COMMON_BLOCKS = YES;
				GCC_WARN_64_TO_32_BIT_CONVERSION = YES;
				GCC_WARN_ABOUT_RETURN_TYPE = YES_ERROR;
				GCC_WARN_UNDECLARED_SELECTOR = YES;
				GCC_WARN_UNINITIALIZED_AUTOS = YES_AGGRESSIVE;
				GCC_WARN_UNUSED_FUNCTION = YES;
				GCC_WARN_UNUSED_VARIABLE = YES;
				IPHONEOS_DEPLOYMENT_TARGET = 8.3;
				MTL_ENABLE_DEBUG_INFO = NO;
				SDKROOT = iphoneos;
				VALIDATE_PRODUCT = YES;
			};
			name = Release;
		};
		19E0F0E61B621ED500801A9B /* Debug */ = {
			isa = XCBuildConfiguration;
			buildSettings = {
				ASSETCATALOG_COMPILER_APPICON_NAME = AppIcon;
				DEVELOPMENT_TEAM = RXUPL85QA6;
				INFOPLIST_FILE = HTKeyViewExmple/Info.plist;
				LD_RUNPATH_SEARCH_PATHS = "$(inherited) @executable_path/Frameworks";
				PRODUCT_BUNDLE_IDENTIFIER = "yiwanjun-co.-Ltd.$(PRODUCT_NAME:rfc1034identifier)";
				PRODUCT_NAME = "$(TARGET_NAME)";
			};
			name = Debug;
		};
		19E0F0E71B621ED500801A9B /* Release */ = {
			isa = XCBuildConfiguration;
			buildSettings = {
				ASSETCATALOG_COMPILER_APPICON_NAME = AppIcon;
				DEVELOPMENT_TEAM = RXUPL85QA6;
				INFOPLIST_FILE = HTKeyViewExmple/Info.plist;
				LD_RUNPATH_SEARCH_PATHS = "$(inherited) @executable_path/Frameworks";
				PRODUCT_BUNDLE_IDENTIFIER = "yiwanjun-co.-Ltd.$(PRODUCT_NAME:rfc1034identifier)";
				PRODUCT_NAME = "$(TARGET_NAME)";
			};
			name = Release;
		};
		19E0F0E91B621ED500801A9B /* Debug */ = {
			isa = XCBuildConfiguration;
			buildSettings = {
				BUNDLE_LOADER = "$(TEST_HOST)";
				FRAMEWORK_SEARCH_PATHS = (
					"$(SDKROOT)/Developer/Library/Frameworks",
					"$(inherited)",
				);
				GCC_PREPROCESSOR_DEFINITIONS = (
					"DEBUG=1",
					"$(inherited)",
				);
				INFOPLIST_FILE = HTKeyViewExmpleTests/Info.plist;
				LD_RUNPATH_SEARCH_PATHS = "$(inherited) @executable_path/Frameworks @loader_path/Frameworks";
				PRODUCT_BUNDLE_IDENTIFIER = "yiwanjun-co.-Ltd.$(PRODUCT_NAME:rfc1034identifier)";
				PRODUCT_NAME = "$(TARGET_NAME)";
				TEST_HOST = "$(BUILT_PRODUCTS_DIR)/HTKeyViewExmple.app/HTKeyViewExmple";
			};
			name = Debug;
		};
		19E0F0EA1B621ED500801A9B /* Release */ = {
			isa = XCBuildConfiguration;
			buildSettings = {
				BUNDLE_LOADER = "$(TEST_HOST)";
				FRAMEWORK_SEARCH_PATHS = (
					"$(SDKROOT)/Developer/Library/Frameworks",
					"$(inherited)",
				);
				INFOPLIST_FILE = HTKeyViewExmpleTests/Info.plist;
				LD_RUNPATH_SEARCH_PATHS = "$(inherited) @executable_path/Frameworks @loader_path/Frameworks";
				PRODUCT_BUNDLE_IDENTIFIER = "yiwanjun-co.-Ltd.$(PRODUCT_NAME:rfc1034identifier)";
				PRODUCT_NAME = "$(TARGET_NAME)";
				TEST_HOST = "$(BUILT_PRODUCTS_DIR)/HTKeyViewExmple.app/HTKeyViewExmple";
			};
			name = Release;
		};
/* End XCBuildConfiguration section */

/* Begin XCConfigurationList section */
		19E0F0BD1B621ED500801A9B /* Build configuration list for PBXProject "HTKeyViewExmple" */ = {
			isa = XCConfigurationList;
			buildConfigurations = (
				19E0F0E31B621ED500801A9B /* Debug */,
				19E0F0E41B621ED500801A9B /* Release */,
			);
			defaultConfigurationIsVisible = 0;
			defaultConfigurationName = Release;
		};
		19E0F0E51B621ED500801A9B /* Build configuration list for PBXNativeTarget "HTKeyViewExmple" */ = {
			isa = XCConfigurationList;
			buildConfigurations = (
				19E0F0E61B621ED500801A9B /* Debug */,
				19E0F0E71B621ED500801A9B /* Release */,
			);
			defaultConfigurationIsVisible = 0;
			defaultConfigurationName = Release;
		};
		19E0F0E81B621ED500801A9B /* Build configuration list for PBXNativeTarget "HTKeyViewExmpleTests" */ = {
			isa = XCConfigurationList;
			buildConfigurations = (
				19E0F0E91B621ED500801A9B /* Debug */,
				19E0F0EA1B621ED500801A9B /* Release */,
			);
			defaultConfigurationIsVisible = 0;
			defaultConfigurationName = Release;
		};
/* End XCConfigurationList section */
	};
	rootObject = 19E0F0BA1B621ED500801A9B /* Project object */;
}
